// !$*UTF8*$!
{
	archiveVersion = 1;
	classes = {
	};
	objectVersion = 46;
	objects = {

/* Begin PBXBuildFile section */
		84278FEF1B7C16A200F20BA7 /* CaRouteParametersController.swift in Sources */ = {isa = PBXBuildFile; fileRef = 84278FEE1B7C16A200F20BA7 /* CaRouteParametersController.swift */; };
		84278FF21B7CD05900F20BA7 /* CaStoryboard.swift in Sources */ = {isa = PBXBuildFile; fileRef = 84278FF11B7CD05900F20BA7 /* CaStoryboard.swift */; };
		84440B4F1B45C68F008A983A /* CaModeListController.swift in Sources */ = {isa = PBXBuildFile; fileRef = 84440B4E1B45C68F008A983A /* CaModeListController.swift */; };
		844B61D91B4A19E400A32D77 /* Mode.swift in Sources */ = {isa = PBXBuildFile; fileRef = 844B61D81B4A19E400A32D77 /* Mode.swift */; };
		844B61DB1B4B72BB00A32D77 /* MainViewController.swift in Sources */ = {isa = PBXBuildFile; fileRef = 844B61DA1B4B72BB00A32D77 /* MainViewController.swift */; };
		84760EC01B65843F00355E52 /* DateViewController.swift in Sources */ = {isa = PBXBuildFile; fileRef = 84760EBF1B65843F00355E52 /* DateViewController.swift */; };
		84760EC31B670F2200355E52 /* DateExtension.swift in Sources */ = {isa = PBXBuildFile; fileRef = 84760EC21B670F2200355E52 /* DateExtension.swift */; };
		84760EC51B6808A700355E52 /* Trip.swift in Sources */ = {isa = PBXBuildFile; fileRef = 84760EC41B6808A700355E52 /* Trip.swift */; };
		848929131B3C486B0045C39E /* AppDelegate.swift in Sources */ = {isa = PBXBuildFile; fileRef = 848929121B3C486B0045C39E /* AppDelegate.swift */; };
		848929151B3C486B0045C39E /* ActivityController.swift in Sources */ = {isa = PBXBuildFile; fileRef = 848929141B3C486B0045C39E /* ActivityController.swift */; };
		848929171B3C486B0045C39E /* SettingsController.swift in Sources */ = {isa = PBXBuildFile; fileRef = 848929161B3C486B0045C39E /* SettingsController.swift */; };
		8489291A1B3C486B0045C39E /* Main.storyboard in Resources */ = {isa = PBXBuildFile; fileRef = 848929181B3C486B0045C39E /* Main.storyboard */; };
		8489291C1B3C486B0045C39E /* Images.xcassets in Resources */ = {isa = PBXBuildFile; fileRef = 8489291B1B3C486B0045C39E /* Images.xcassets */; };
		8489291F1B3C486B0045C39E /* LaunchScreen.xib in Resources */ = {isa = PBXBuildFile; fileRef = 8489291D1B3C486B0045C39E /* LaunchScreen.xib */; };
		8489292B1B3C486B0045C39E /* CarLessTests.swift in Sources */ = {isa = PBXBuildFile; fileRef = 8489292A1B3C486B0045C39E /* CarLessTests.swift */; };
		8489293A1B3E41C80045C39E /* LogController.swift in Sources */ = {isa = PBXBuildFile; fileRef = 848929391B3E41C80045C39E /* LogController.swift */; };
		8489296A1B4431630045C39E /* ModesTableViewCell.swift in Sources */ = {isa = PBXBuildFile; fileRef = 848929691B4431630045C39E /* ModesTableViewCell.swift */; };
		84E4F0E31B7835A70006C069 /* CarLess.xcdatamodeld in Sources */ = {isa = PBXBuildFile; fileRef = 84E4F0E11B7835A70006C069 /* CarLess.xcdatamodeld */; };
		84E4F0E51B78D9170006C069 /* MapKit.framework in Frameworks */ = {isa = PBXBuildFile; fileRef = 84E4F0E41B78D9170006C069 /* MapKit.framework */; };
		84E4F0E71B7A75D30006C069 /* CaMappedRouteController.swift in Sources */ = {isa = PBXBuildFile; fileRef = 84E4F0E61B7A75D30006C069 /* CaMappedRouteController.swift */; };
		84E71D1B1B703E8F0026D56B /* ManualRouteController.swift in Sources */ = {isa = PBXBuildFile; fileRef = 84E71D1A1B703E8F0026D56B /* ManualRouteController.swift */; };
		84E71D1D1B7110940026D56B /* LengthUnit.swift in Sources */ = {isa = PBXBuildFile; fileRef = 84E71D1C1B7110940026D56B /* LengthUnit.swift */; };
/* End PBXBuildFile section */

/* Begin PBXContainerItemProxy section */
		848929251B3C486B0045C39E /* PBXContainerItemProxy */ = {
			isa = PBXContainerItemProxy;
			containerPortal = 848929051B3C486B0045C39E /* Project object */;
			proxyType = 1;
			remoteGlobalIDString = 8489290C1B3C486B0045C39E;
			remoteInfo = CarLess;
		};
/* End PBXContainerItemProxy section */

/* Begin PBXFileReference section */
		84278FEE1B7C16A200F20BA7 /* CaRouteParametersController.swift */ = {isa = PBXFileReference; fileEncoding = 4; lastKnownFileType = sourcecode.swift; path = CaRouteParametersController.swift; sourceTree = "<group>"; };
		84278FF11B7CD05900F20BA7 /* CaStoryboard.swift */ = {isa = PBXFileReference; fileEncoding = 4; lastKnownFileType = sourcecode.swift; path = CaStoryboard.swift; sourceTree = "<group>"; };
		84440B4E1B45C68F008A983A /* CaModeListController.swift */ = {isa = PBXFileReference; fileEncoding = 4; lastKnownFileType = sourcecode.swift; path = CaModeListController.swift; sourceTree = "<group>"; };
		844B61D81B4A19E400A32D77 /* Mode.swift */ = {isa = PBXFileReference; fileEncoding = 4; lastKnownFileType = sourcecode.swift; path = Mode.swift; sourceTree = "<group>"; };
		844B61DA1B4B72BB00A32D77 /* MainViewController.swift */ = {isa = PBXFileReference; fileEncoding = 4; lastKnownFileType = sourcecode.swift; path = MainViewController.swift; sourceTree = "<group>"; };
		84760EBF1B65843F00355E52 /* DateViewController.swift */ = {isa = PBXFileReference; fileEncoding = 4; lastKnownFileType = sourcecode.swift; path = DateViewController.swift; sourceTree = "<group>"; };
		84760EC21B670F2200355E52 /* DateExtension.swift */ = {isa = PBXFileReference; fileEncoding = 4; lastKnownFileType = sourcecode.swift; path = DateExtension.swift; sourceTree = "<group>"; };
		84760EC41B6808A700355E52 /* Trip.swift */ = {isa = PBXFileReference; fileEncoding = 4; lastKnownFileType = sourcecode.swift; path = Trip.swift; sourceTree = "<group>"; };
		8489290D1B3C486B0045C39E /* CarLess.app */ = {isa = PBXFileReference; explicitFileType = wrapper.application; includeInIndex = 0; path = CarLess.app; sourceTree = BUILT_PRODUCTS_DIR; };
		848929111B3C486B0045C39E /* Info.plist */ = {isa = PBXFileReference; lastKnownFileType = text.plist.xml; path = Info.plist; sourceTree = "<group>"; };
		848929121B3C486B0045C39E /* AppDelegate.swift */ = {isa = PBXFileReference; lastKnownFileType = sourcecode.swift; path = AppDelegate.swift; sourceTree = "<group>"; };
		848929141B3C486B0045C39E /* ActivityController.swift */ = {isa = PBXFileReference; lastKnownFileType = sourcecode.swift; path = ActivityController.swift; sourceTree = "<group>"; };
		848929161B3C486B0045C39E /* SettingsController.swift */ = {isa = PBXFileReference; lastKnownFileType = sourcecode.swift; path = SettingsController.swift; sourceTree = "<group>"; };
		848929191B3C486B0045C39E /* Base */ = {isa = PBXFileReference; lastKnownFileType = file.storyboard; name = Base; path = Base.lproj/Main.storyboard; sourceTree = "<group>"; };
		8489291B1B3C486B0045C39E /* Images.xcassets */ = {isa = PBXFileReference; lastKnownFileType = folder.assetcatalog; path = Images.xcassets; sourceTree = "<group>"; };
		8489291E1B3C486B0045C39E /* Base */ = {isa = PBXFileReference; lastKnownFileType = file.xib; name = Base; path = Base.lproj/LaunchScreen.xib; sourceTree = "<group>"; };
		848929241B3C486B0045C39E /* CarLessTests.xctest */ = {isa = PBXFileReference; explicitFileType = wrapper.cfbundle; includeInIndex = 0; path = CarLessTests.xctest; sourceTree = BUILT_PRODUCTS_DIR; };
		848929291B3C486B0045C39E /* Info.plist */ = {isa = PBXFileReference; lastKnownFileType = text.plist.xml; path = Info.plist; sourceTree = "<group>"; };
		8489292A1B3C486B0045C39E /* CarLessTests.swift */ = {isa = PBXFileReference; lastKnownFileType = sourcecode.swift; path = CarLessTests.swift; sourceTree = "<group>"; };
		848929391B3E41C80045C39E /* LogController.swift */ = {isa = PBXFileReference; fileEncoding = 4; lastKnownFileType = sourcecode.swift; path = LogController.swift; sourceTree = "<group>"; };
		848929691B4431630045C39E /* ModesTableViewCell.swift */ = {isa = PBXFileReference; fileEncoding = 4; lastKnownFileType = sourcecode.swift; path = ModesTableViewCell.swift; sourceTree = "<group>"; };
		84E4F0E21B7835A70006C069 /* CarLess.xcdatamodel */ = {isa = PBXFileReference; lastKnownFileType = wrapper.xcdatamodel; path = CarLess.xcdatamodel; sourceTree = "<group>"; };
		84E4F0E41B78D9170006C069 /* MapKit.framework */ = {isa = PBXFileReference; lastKnownFileType = wrapper.framework; name = MapKit.framework; path = System/Library/Frameworks/MapKit.framework; sourceTree = SDKROOT; };
		84E4F0E61B7A75D30006C069 /* CaMappedRouteController.swift */ = {isa = PBXFileReference; fileEncoding = 4; lastKnownFileType = sourcecode.swift; path = CaMappedRouteController.swift; sourceTree = "<group>"; };
		84E71D1A1B703E8F0026D56B /* ManualRouteController.swift */ = {isa = PBXFileReference; fileEncoding = 4; lastKnownFileType = sourcecode.swift; path = ManualRouteController.swift; sourceTree = "<group>"; };
		84E71D1C1B7110940026D56B /* LengthUnit.swift */ = {isa = PBXFileReference; fileEncoding = 4; lastKnownFileType = sourcecode.swift; path = LengthUnit.swift; sourceTree = "<group>"; };
/* End PBXFileReference section */

/* Begin PBXFrameworksBuildPhase section */
		8489290A1B3C486B0045C39E /* Frameworks */ = {
			isa = PBXFrameworksBuildPhase;
			buildActionMask = 2147483647;
			files = (
				84E4F0E51B78D9170006C069 /* MapKit.framework in Frameworks */,
			);
			runOnlyForDeploymentPostprocessing = 0;
		};
		848929211B3C486B0045C39E /* Frameworks */ = {
			isa = PBXFrameworksBuildPhase;
			buildActionMask = 2147483647;
			files = (
			);
			runOnlyForDeploymentPostprocessing = 0;
		};
/* End PBXFrameworksBuildPhase section */

/* Begin PBXGroup section */
		84278FF01B7C16F500F20BA7 /* Ca */ = {
			isa = PBXGroup;
			children = (
				84278FEE1B7C16A200F20BA7 /* CaRouteParametersController.swift */,
				84E4F0E61B7A75D30006C069 /* CaMappedRouteController.swift */,
				84440B4E1B45C68F008A983A /* CaModeListController.swift */,
				84278FF11B7CD05900F20BA7 /* CaStoryboard.swift */,
			);
			name = Ca;
			sourceTree = "<group>";
		};
		84760EC11B670EF900355E52 /* Extensions */ = {
			isa = PBXGroup;
			children = (
				84760EC21B670F2200355E52 /* DateExtension.swift */,
			);
			name = Extensions;
			sourceTree = "<group>";
		};
		84760EC61B680DBF00355E52 /* Models */ = {
			isa = PBXGroup;
			children = (
				844B61D81B4A19E400A32D77 /* Mode.swift */,
				84760EC41B6808A700355E52 /* Trip.swift */,
				84E71D1C1B7110940026D56B /* LengthUnit.swift */,
			);
			name = Models;
			sourceTree = "<group>";
		};
		848929041B3C486B0045C39E = {
			isa = PBXGroup;
			children = (
				84E4F0E41B78D9170006C069 /* MapKit.framework */,
				8489290F1B3C486B0045C39E /* CarLess */,
				848929271B3C486B0045C39E /* CarLessTests */,
				8489290E1B3C486B0045C39E /* Products */,
			);
			sourceTree = "<group>";
		};
		8489290E1B3C486B0045C39E /* Products */ = {
			isa = PBXGroup;
			children = (
				8489290D1B3C486B0045C39E /* CarLess.app */,
				848929241B3C486B0045C39E /* CarLessTests.xctest */,
			);
			name = Products;
			sourceTree = "<group>";
		};
		8489290F1B3C486B0045C39E /* CarLess */ = {
			isa = PBXGroup;
			children = (
				84278FF01B7C16F500F20BA7 /* Ca */,
				84760EC61B680DBF00355E52 /* Models */,
				84760EC11B670EF900355E52 /* Extensions */,
				848929181B3C486B0045C39E /* Main.storyboard */,
				844B61DA1B4B72BB00A32D77 /* MainViewController.swift */,
				848929141B3C486B0045C39E /* ActivityController.swift */,
				848929161B3C486B0045C39E /* SettingsController.swift */,
				848929391B3E41C80045C39E /* LogController.swift */,
				84E71D1A1B703E8F0026D56B /* ManualRouteController.swift */,
				84760EBF1B65843F00355E52 /* DateViewController.swift */,
				848929691B4431630045C39E /* ModesTableViewCell.swift */,
				848929101B3C486B0045C39E /* Supporting Files */,
			);
			path = CarLess;
			sourceTree = "<group>";
		};
		848929101B3C486B0045C39E /* Supporting Files */ = {
			isa = PBXGroup;
			children = (
				8489291B1B3C486B0045C39E /* Images.xcassets */,
				84E4F0E11B7835A70006C069 /* CarLess.xcdatamodeld */,
				8489291D1B3C486B0045C39E /* LaunchScreen.xib */,
				848929121B3C486B0045C39E /* AppDelegate.swift */,
				848929111B3C486B0045C39E /* Info.plist */,
			);
			name = "Supporting Files";
			sourceTree = "<group>";
		};
		848929271B3C486B0045C39E /* CarLessTests */ = {
			isa = PBXGroup;
			children = (
				8489292A1B3C486B0045C39E /* CarLessTests.swift */,
				848929281B3C486B0045C39E /* Supporting Files */,
			);
			path = CarLessTests;
			sourceTree = "<group>";
		};
		848929281B3C486B0045C39E /* Supporting Files */ = {
			isa = PBXGroup;
			children = (
				848929291B3C486B0045C39E /* Info.plist */,
			);
			name = "Supporting Files";
			sourceTree = "<group>";
		};
/* End PBXGroup section */

/* Begin PBXNativeTarget section */
		8489290C1B3C486B0045C39E /* CarLess */ = {
			isa = PBXNativeTarget;
			buildConfigurationList = 8489292E1B3C486B0045C39E /* Build configuration list for PBXNativeTarget "CarLess" */;
			buildPhases = (
				848929091B3C486B0045C39E /* Sources */,
				8489290A1B3C486B0045C39E /* Frameworks */,
				8489290B1B3C486B0045C39E /* Resources */,
			);
			buildRules = (
			);
			dependencies = (
			);
			name = CarLess;
			productName = CarLess;
			productReference = 8489290D1B3C486B0045C39E /* CarLess.app */;
			productType = "com.apple.product-type.application";
		};
		848929231B3C486B0045C39E /* CarLessTests */ = {
			isa = PBXNativeTarget;
			buildConfigurationList = 848929311B3C486B0045C39E /* Build configuration list for PBXNativeTarget "CarLessTests" */;
			buildPhases = (
				848929201B3C486B0045C39E /* Sources */,
				848929211B3C486B0045C39E /* Frameworks */,
				848929221B3C486B0045C39E /* Resources */,
			);
			buildRules = (
			);
			dependencies = (
				848929261B3C486B0045C39E /* PBXTargetDependency */,
			);
			name = CarLessTests;
			productName = CarLessTests;
			productReference = 848929241B3C486B0045C39E /* CarLessTests.xctest */;
			productType = "com.apple.product-type.bundle.unit-test";
		};
/* End PBXNativeTarget section */

/* Begin PBXProject section */
		848929051B3C486B0045C39E /* Project object */ = {
			isa = PBXProject;
			attributes = {
				LastUpgradeCheck = 0630;
				ORGANIZATIONNAME = "Galloway Mobile";
				TargetAttributes = {
					8489290C1B3C486B0045C39E = {
						CreatedOnToolsVersion = 6.3.2;
						SystemCapabilities = {
							com.apple.Maps.iOS = {
								enabled = 1;
							};
						};
					};
					848929231B3C486B0045C39E = {
						CreatedOnToolsVersion = 6.3.2;
						TestTargetID = 8489290C1B3C486B0045C39E;
					};
				};
			};
			buildConfigurationList = 848929081B3C486B0045C39E /* Build configuration list for PBXProject "CarLess" */;
			compatibilityVersion = "Xcode 3.2";
			developmentRegion = English;
			hasScannedForEncodings = 0;
			knownRegions = (
				en,
				Base,
			);
			mainGroup = 848929041B3C486B0045C39E;
			productRefGroup = 8489290E1B3C486B0045C39E /* Products */;
			projectDirPath = "";
			projectRoot = "";
			targets = (
				8489290C1B3C486B0045C39E /* CarLess */,
				848929231B3C486B0045C39E /* CarLessTests */,
			);
		};
/* End PBXProject section */

/* Begin PBXResourcesBuildPhase section */
		8489290B1B3C486B0045C39E /* Resources */ = {
			isa = PBXResourcesBuildPhase;
			buildActionMask = 2147483647;
			files = (
				8489291A1B3C486B0045C39E /* Main.storyboard in Resources */,
				8489291F1B3C486B0045C39E /* LaunchScreen.xib in Resources */,
				8489291C1B3C486B0045C39E /* Images.xcassets in Resources */,
			);
			runOnlyForDeploymentPostprocessing = 0;
		};
		848929221B3C486B0045C39E /* Resources */ = {
			isa = PBXResourcesBuildPhase;
			buildActionMask = 2147483647;
			files = (
			);
			runOnlyForDeploymentPostprocessing = 0;
		};
/* End PBXResourcesBuildPhase section */

/* Begin PBXSourcesBuildPhase section */
		848929091B3C486B0045C39E /* Sources */ = {
			isa = PBXSourcesBuildPhase;
			buildActionMask = 2147483647;
			files = (
				84760EC51B6808A700355E52 /* Trip.swift in Sources */,
				848929171B3C486B0045C39E /* SettingsController.swift in Sources */,
				84E71D1D1B7110940026D56B /* LengthUnit.swift in Sources */,
				84278FF21B7CD05900F20BA7 /* CaStoryboard.swift in Sources */,
				84760EC31B670F2200355E52 /* DateExtension.swift in Sources */,
				848929131B3C486B0045C39E /* AppDelegate.swift in Sources */,
				84278FEF1B7C16A200F20BA7 /* CaRouteParametersController.swift in Sources */,
				8489296A1B4431630045C39E /* ModesTableViewCell.swift in Sources */,
				844B61D91B4A19E400A32D77 /* Mode.swift in Sources */,
				8489293A1B3E41C80045C39E /* LogController.swift in Sources */,
				84440B4F1B45C68F008A983A /* CaModeListController.swift in Sources */,
				848929151B3C486B0045C39E /* ActivityController.swift in Sources */,
				84E4F0E31B7835A70006C069 /* CarLess.xcdatamodeld in Sources */,
				84760EC01B65843F00355E52 /* DateViewController.swift in Sources */,
				844B61DB1B4B72BB00A32D77 /* MainViewController.swift in Sources */,
				84E4F0E71B7A75D30006C069 /* CaMappedRouteController.swift in Sources */,
				84E71D1B1B703E8F0026D56B /* ManualRouteController.swift in Sources */,
			);
			runOnlyForDeploymentPostprocessing = 0;
		};
		848929201B3C486B0045C39E /* Sources */ = {
			isa = PBXSourcesBuildPhase;
			buildActionMask = 2147483647;
			files = (
				8489292B1B3C486B0045C39E /* CarLessTests.swift in Sources */,
			);
			runOnlyForDeploymentPostprocessing = 0;
		};
/* End PBXSourcesBuildPhase section */

/* Begin PBXTargetDependency section */
		848929261B3C486B0045C39E /* PBXTargetDependency */ = {
			isa = PBXTargetDependency;
			target = 8489290C1B3C486B0045C39E /* CarLess */;
			targetProxy = 848929251B3C486B0045C39E /* PBXContainerItemProxy */;
		};
/* End PBXTargetDependency section */

/* Begin PBXVariantGroup section */
		848929181B3C486B0045C39E /* Main.storyboard */ = {
			isa = PBXVariantGroup;
			children = (
				848929191B3C486B0045C39E /* Base */,
			);
			name = Main.storyboard;
			sourceTree = "<group>";
		};
		8489291D1B3C486B0045C39E /* LaunchScreen.xib */ = {
			isa = PBXVariantGroup;
			children = (
				8489291E1B3C486B0045C39E /* Base */,
			);
			name = LaunchScreen.xib;
			sourceTree = "<group>";
		};
/* End PBXVariantGroup section */

/* Begin XCBuildConfiguration section */
		8489292C1B3C486B0045C39E /* Debug */ = {
			isa = XCBuildConfiguration;
			buildSettings = {
				ALWAYS_SEARCH_USER_PATHS = NO;
				CLANG_CXX_LANGUAGE_STANDARD = "gnu++0x";
				CLANG_CXX_LIBRARY = "libc++";
				CLANG_ENABLE_MODULES = YES;
				CLANG_ENABLE_OBJC_ARC = YES;
				CLANG_WARN_BOOL_CONVERSION = YES;
				CLANG_WARN_CONSTANT_CONVERSION = YES;
				CLANG_WARN_DIRECT_OBJC_ISA_USAGE = YES_ERROR;
				CLANG_WARN_EMPTY_BODY = YES;
				CLANG_WARN_ENUM_CONVERSION = YES;
				CLANG_WARN_INT_CONVERSION = YES;
				CLANG_WARN_OBJC_ROOT_CLASS = YES_ERROR;
				CLANG_WARN_UNREACHABLE_CODE = YES;
				CLANG_WARN__DUPLICATE_METHOD_MATCH = YES;
				"CODE_SIGN_IDENTITY[sdk=iphoneos*]" = "iPhone Developer";
				COPY_PHASE_STRIP = NO;
				DEBUG_INFORMATION_FORMAT = "dwarf-with-dsym";
				ENABLE_STRICT_OBJC_MSGSEND = YES;
				GCC_C_LANGUAGE_STANDARD = gnu99;
				GCC_DYNAMIC_NO_PIC = NO;
				GCC_NO_COMMON_BLOCKS = YES;
				GCC_OPTIMIZATION_LEVEL = 0;
				GCC_PREPROCESSOR_DEFINITIONS = (
					"DEBUG=1",
					"$(inherited)",
				);
				GCC_SYMBOLS_PRIVATE_EXTERN = NO;
				GCC_WARN_64_TO_32_BIT_CONVERSION = YES;
				GCC_WARN_ABOUT_RETURN_TYPE = YES_ERROR;
				GCC_WARN_UNDECLARED_SELECTOR = YES;
				GCC_WARN_UNINITIALIZED_AUTOS = YES_AGGRESSIVE;
				GCC_WARN_UNUSED_FUNCTION = YES;
				GCC_WARN_UNUSED_VARIABLE = YES;
				IPHONEOS_DEPLOYMENT_TARGET = 8.3;
				MTL_ENABLE_DEBUG_INFO = YES;
				ONLY_ACTIVE_ARCH = YES;
				SDKROOT = iphoneos;
				SWIFT_OPTIMIZATION_LEVEL = "-Onone";
				TARGETED_DEVICE_FAMILY = "1,2";
			};
			name = Debug;
		};
		8489292D1B3C486B0045C39E /* Release */ = {
			isa = XCBuildConfiguration;
			buildSettings = {
				ALWAYS_SEARCH_USER_PATHS = NO;
				CLANG_CXX_LANGUAGE_STANDARD = "gnu++0x";
				CLANG_CXX_LIBRARY = "libc++";
				CLANG_ENABLE_MODULES = YES;
				CLANG_ENABLE_OBJC_ARC = YES;
				CLANG_WARN_BOOL_CONVERSION = YES;
				CLANG_WARN_CONSTANT_CONVERSION = YES;
				CLANG_WARN_DIRECT_OBJC_ISA_USAGE = YES_ERROR;
				CLANG_WARN_EMPTY_BODY = YES;
				CLANG_WARN_ENUM_CONVERSION = YES;
				CLANG_WARN_INT_CONVERSION = YES;
				CLANG_WARN_OBJC_ROOT_CLASS = YES_ERROR;
				CLANG_WARN_UNREACHABLE_CODE = YES;
				CLANG_WARN__DUPLICATE_METHOD_MATCH = YES;
				"CODE_SIGN_IDENTITY[sdk=iphoneos*]" = "iPhone Developer";
				COPY_PHASE_STRIP = NO;
				DEBUG_INFORMATION_FORMAT = "dwarf-with-dsym";
				ENABLE_NS_ASSERTIONS = NO;
				ENABLE_STRICT_OBJC_MSGSEND = YES;
				GCC_C_LANGUAGE_STANDARD = gnu99;
				GCC_NO_COMMON_BLOCKS = YES;
				GCC_WARN_64_TO_32_BIT_CONVERSION = YES;
				GCC_WARN_ABOUT_RETURN_TYPE = YES_ERROR;
				GCC_WARN_UNDECLARED_SELECTOR = YES;
				GCC_WARN_UNINITIALIZED_AUTOS = YES_AGGRESSIVE;
				GCC_WARN_UNUSED_FUNCTION = YES;
				GCC_WARN_UNUSED_VARIABLE = YES;
				IPHONEOS_DEPLOYMENT_TARGET = 8.3;
				MTL_ENABLE_DEBUG_INFO = NO;
				SDKROOT = iphoneos;
				TARGETED_DEVICE_FAMILY = "1,2";
				VALIDATE_PRODUCT = YES;
			};
			name = Release;
		};
		8489292F1B3C486B0045C39E /* Debug */ = {
			isa = XCBuildConfiguration;
			buildSettings = {
				ASSETCATALOG_COMPILER_APPICON_NAME = AppIcon;
				INFOPLIST_FILE = CarLess/Info.plist;
				LD_RUNPATH_SEARCH_PATHS = "$(inherited) @executable_path/Frameworks";
				PRODUCT_NAME = "$(TARGET_NAME)";
			};
			name = Debug;
		};
		848929301B3C486B0045C39E /* Release */ = {
			isa = XCBuildConfiguration;
			buildSettings = {
				ASSETCATALOG_COMPILER_APPICON_NAME = AppIcon;
				INFOPLIST_FILE = CarLess/Info.plist;
				LD_RUNPATH_SEARCH_PATHS = "$(inherited) @executable_path/Frameworks";
				PRODUCT_NAME = "$(TARGET_NAME)";
			};
			name = Release;
		};
		848929321B3C486B0045C39E /* Debug */ = {
			isa = XCBuildConfiguration;
			buildSettings = {
				BUNDLE_LOADER = "$(TEST_HOST)";
				FRAMEWORK_SEARCH_PATHS = (
					"$(SDKROOT)/Developer/Library/Frameworks",
					"$(inherited)",
				);
				GCC_PREPROCESSOR_DEFINITIONS = (
					"DEBUG=1",
					"$(inherited)",
				);
				INFOPLIST_FILE = CarLessTests/Info.plist;
				LD_RUNPATH_SEARCH_PATHS = "$(inherited) @executable_path/Frameworks @loader_path/Frameworks";
				PRODUCT_NAME = "$(TARGET_NAME)";
				TEST_HOST = "$(BUILT_PRODUCTS_DIR)/CarLess.app/CarLess";
			};
			name = Debug;
		};
		848929331B3C486B0045C39E /* Release */ = {
			isa = XCBuildConfiguration;
			buildSettings = {
				BUNDLE_LOADER = "$(TEST_HOST)";
				FRAMEWORK_SEARCH_PATHS = (
					"$(SDKROOT)/Developer/Library/Frameworks",
					"$(inherited)",
				);
				INFOPLIST_FILE = CarLessTests/Info.plist;
				LD_RUNPATH_SEARCH_PATHS = "$(inherited) @executable_path/Frameworks @loader_path/Frameworks";
				PRODUCT_NAME = "$(TARGET_NAME)";
				TEST_HOST = "$(BUILT_PRODUCTS_DIR)/CarLess.app/CarLess";
			};
			name = Release;
		};
/* End XCBuildConfiguration section */

/* Begin XCConfigurationList section */
		848929081B3C486B0045C39E /* Build configuration list for PBXProject "CarLess" */ = {
			isa = XCConfigurationList;
			buildConfigurations = (
				8489292C1B3C486B0045C39E /* Debug */,
				8489292D1B3C486B0045C39E /* Release */,
			);
			defaultConfigurationIsVisible = 0;
			defaultConfigurationName = Release;
		};
		8489292E1B3C486B0045C39E /* Build configuration list for PBXNativeTarget "CarLess" */ = {
			isa = XCConfigurationList;
			buildConfigurations = (
				8489292F1B3C486B0045C39E /* Debug */,
				848929301B3C486B0045C39E /* Release */,
			);
			defaultConfigurationIsVisible = 0;
			defaultConfigurationName = Release;
		};
		848929311B3C486B0045C39E /* Build configuration list for PBXNativeTarget "CarLessTests" */ = {
			isa = XCConfigurationList;
			buildConfigurations = (
				848929321B3C486B0045C39E /* Debug */,
				848929331B3C486B0045C39E /* Release */,
			);
			defaultConfigurationIsVisible = 0;
			defaultConfigurationName = Release;
		};
/* End XCConfigurationList section */

/* Begin XCVersionGroup section */
		84E4F0E11B7835A70006C069 /* CarLess.xcdatamodeld */ = {
			isa = XCVersionGroup;
			children = (
				84E4F0E21B7835A70006C069 /* CarLess.xcdatamodel */,
			);
			currentVersion = 84E4F0E21B7835A70006C069 /* CarLess.xcdatamodel */;
			path = CarLess.xcdatamodeld;
			sourceTree = "<group>";
			versionGroupType = wrapper.xcdatamodel;
		};
/* End XCVersionGroup section */
	};
	rootObject = 848929051B3C486B0045C39E /* Project object */;
}
